{
  "name": "tp1",
  "version": "1.0.0",
  "lockfileVersion": 1,
  "requires": true,
  "dependencies": {
    "slugify": {
      "version": "1.6.4",
      "resolved": "https://registry.npmjs.org/slugify/-/slugify-1.6.4.tgz",
      "integrity": "sha512-Pcz296CK0uGnTf4iNQId79Uv6/5G16t0g0x3OsxWS8qVSOW+JXNnNHKVcuDiMgEGTWyK6zjlWXo2dvzV/FLf9Q=="
    },
    "url-slug": {
      "version": "3.0.2",
      "resolved": "https://registry.npmjs.org/url-slug/-/url-slug-3.0.2.tgz",
      "integrity": "sha512-puioWUGY+esk4kKW8L6fCZWb+xK1+0L/KH2miV6GEJdlCJRJ2lfRlvHkUikyEU1e1v4j1C1HBQKvuljFOxmnEA=="
    }
  }
}
